
Microsoft Visual Studio Solution File, Format Version 12.00
# Visual Studio Version 17
VisualStudioVersion = 17.11.35327.3
MinimumVisualStudioVersion = 10.0.40219.1
Project("{2150E333-8FDC-42A3-9474-1A3956D46DE8}") = "Task0", "Task0", "{79D387C0-BB79-4536-85D2-9734C630A436}"
EndProject
Project("{FAE04EC0-301F-11D3-BF4B-00C04F79EFBC}") = "Tyuiu.NazarenkoVV.Sprint4.Task0.V24", "Tyuiu.NazarenkoVV.Sprint4.Task0.V24\Tyuiu.NazarenkoVV.Sprint4.Task0.V24.csproj", "{0935BF8D-DF9F-457D-8EFB-1C44C294E366}"
EndProject
Project("{FAE04EC0-301F-11D3-BF4B-00C04F79EFBC}") = "Tyuiu.NazarenkoVV.Sprint4.Task0.V24.Lib", "Tyuiu.NazarenkoVV.Sprint4.Task0.V24.Lib\Tyuiu.NazarenkoVV.Sprint4.Task0.V24.Lib.csproj", "{56AA1054-4CA7-4251-94F8-1A52A2706A9E}"
EndProject
Project("{FAE04EC0-301F-11D3-BF4B-00C04F79EFBC}") = "Tyuiu.NazarenkoVV.Sprint4.Task0.V24.Test", "Tyuiu.NazarenkoVV.Sprint4.Task0.V24.Test\Tyuiu.NazarenkoVV.Sprint4.Task0.V24.Test.csproj", "{389DA079-ADAF-4C84-8B88-8DBF617DBBCE}"
EndProject
Global
	GlobalSection(SolutionConfigurationPlatforms) = preSolution
		Debug|Any CPU = Debug|Any CPU
		Release|Any CPU = Release|Any CPU
	EndGlobalSection
	GlobalSection(ProjectConfigurationPlatforms) = postSolution
		{0935BF8D-DF9F-457D-8EFB-1C44C294E366}.Debug|Any CPU.ActiveCfg = Debug|Any CPU
		{0935BF8D-DF9F-457D-8EFB-1C44C294E366}.Debug|Any CPU.Build.0 = Debug|Any CPU
		{0935BF8D-DF9F-457D-8EFB-1C44C294E366}.Release|Any CPU.ActiveCfg = Release|Any CPU
		{0935BF8D-DF9F-457D-8EFB-1C44C294E366}.Release|Any CPU.Build.0 = Release|Any CPU
		{56AA1054-4CA7-4251-94F8-1A52A2706A9E}.Debug|Any CPU.ActiveCfg = Debug|Any CPU
		{56AA1054-4CA7-4251-94F8-1A52A2706A9E}.Debug|Any CPU.Build.0 = Debug|Any CPU
		{56AA1054-4CA7-4251-94F8-1A52A2706A9E}.Release|Any CPU.ActiveCfg = Release|Any CPU
		{56AA1054-4CA7-4251-94F8-1A52A2706A9E}.Release|Any CPU.Build.0 = Release|Any CPU
		{389DA079-ADAF-4C84-8B88-8DBF617DBBCE}.Debug|Any CPU.ActiveCfg = Debug|Any CPU
		{389DA079-ADAF-4C84-8B88-8DBF617DBBCE}.Debug|Any CPU.Build.0 = Debug|Any CPU
		{389DA079-ADAF-4C84-8B88-8DBF617DBBCE}.Release|Any CPU.ActiveCfg = Release|Any CPU
		{389DA079-ADAF-4C84-8B88-8DBF617DBBCE}.Release|Any CPU.Build.0 = Release|Any CPU
	EndGlobalSection
	GlobalSection(SolutionProperties) = preSolution
		HideSolutionNode = FALSE
	EndGlobalSection
	GlobalSection(NestedProjects) = preSolution
		{0935BF8D-DF9F-457D-8EFB-1C44C294E366} = {79D387C0-BB79-4536-85D2-9734C630A436}
		{56AA1054-4CA7-4251-94F8-1A52A2706A9E} = {79D387C0-BB79-4536-85D2-9734C630A436}
		{389DA079-ADAF-4C84-8B88-8DBF617DBBCE} = {79D387C0-BB79-4536-85D2-9734C630A436}
	EndGlobalSection
	GlobalSection(ExtensibilityGlobals) = postSolution
		SolutionGuid = {58439040-FAF6-4DF0-A8A1-FE002CC6D86E}
	EndGlobalSection
EndGlobal
