
Microsoft Visual Studio Solution File, Format Version 12.00
# Visual Studio Version 17
VisualStudioVersion = 17.11.35327.3
MinimumVisualStudioVersion = 10.0.40219.1
Project("{2150E333-8FDC-42A3-9474-1A3956D46DE8}") = "Task0", "Task0", "{79D387C0-BB79-4536-85D2-9734C630A436}"
EndProject
Project("{9A19103F-16F7-4668-BE54-9A1E7A4F7556}") = "Tyuiu.NazarenkoVV.Sprint4.Task0.V24", "Tyuiu.NazarenkoVV.Sprint4.Task0.V24\Tyuiu.NazarenkoVV.Sprint4.Task0.V24.csproj", "{0935BF8D-DF9F-457D-8EFB-1C44C294E366}"
EndProject
Project("{9A19103F-16F7-4668-BE54-9A1E7A4F7556}") = "Tyuiu.NazarenkoVV.Sprint4.Task0.V24.Lib", "Tyuiu.NazarenkoVV.Sprint4.Task0.V24.Lib\Tyuiu.NazarenkoVV.Sprint4.Task0.V24.Lib.csproj", "{56AA1054-4CA7-4251-94F8-1A52A2706A9E}"
EndProject
Project("{9A19103F-16F7-4668-BE54-9A1E7A4F7556}") = "Tyuiu.NazarenkoVV.Sprint4.Task0.V24.Test", "Tyuiu.NazarenkoVV.Sprint4.Task0.V24.Test\Tyuiu.NazarenkoVV.Sprint4.Task0.V24.Test.csproj", "{389DA079-ADAF-4C84-8B88-8DBF617DBBCE}"
EndProject
Project("{2150E333-8FDC-42A3-9474-1A3956D46DE8}") = "Task1", "Task1", "{151C661A-E617-4ACC-A9F8-95113C871470}"
EndProject
Project("{9A19103F-16F7-4668-BE54-9A1E7A4F7556}") = "Tyuiu.NazarenkoVV.Sprint4.Task1.V13", "Tyuiu.NazarenkoVV.Sprint4.Task1.V13\Tyuiu.NazarenkoVV.Sprint4.Task1.V13.csproj", "{B5019F1E-FF5D-447B-821C-2578DDC488DD}"
EndProject
Project("{9A19103F-16F7-4668-BE54-9A1E7A4F7556}") = "Tyuiu.NazarenkoVV.Sprint4.Task1.V13.Lib", "Tyuiu.NazarenkoVV.Sprint4.Task1.V13.Lib\Tyuiu.NazarenkoVV.Sprint4.Task1.V13.Lib.csproj", "{0A72F9F5-E368-4F2D-839B-FBA7262E0826}"
EndProject
Project("{9A19103F-16F7-4668-BE54-9A1E7A4F7556}") = "Tyuiu.NazarenkoVV.Sprint4.Task1.V13.Test", "Tyuiu.NazarenkoVV.Sprint4.Task1.V13.Test\Tyuiu.NazarenkoVV.Sprint4.Task1.V13.Test.csproj", "{EA859062-CDCD-4045-B73F-BACEDE42A1CA}"
EndProject
Project("{2150E333-8FDC-42A3-9474-1A3956D46DE8}") = "Task2", "Task2", "{7CD8E3D5-908A-4C56-A509-D370193AAC97}"
EndProject
Project("{9A19103F-16F7-4668-BE54-9A1E7A4F7556}") = "Tyuiu.NazarenkoVV.Sprint4.Task2.V20", "Tyuiu.NazarenkoVV.Sprint4.Task2.V20\Tyuiu.NazarenkoVV.Sprint4.Task2.V20.csproj", "{DB02C8CD-ED39-41F7-9C6B-67B7FB36153B}"
EndProject
Project("{9A19103F-16F7-4668-BE54-9A1E7A4F7556}") = "Tyuiu.NazarenkoVV.Sprint4.Task2.V20.Lib", "Tyuiu.NazarenkoVV.Sprint4.Task2.V20.Lib\Tyuiu.NazarenkoVV.Sprint4.Task2.V20.Lib.csproj", "{245FC1F3-6098-42FD-9F26-F2F329374B7D}"
EndProject
Project("{9A19103F-16F7-4668-BE54-9A1E7A4F7556}") = "Tyuiu.NazarenkoVV.Sprint4.Task2.V20.Test", "Tyuiu.NazarenkoVV.Sprint4.Task2.V20.Test\Tyuiu.NazarenkoVV.Sprint4.Task2.V20.Test.csproj", "{5EF8D075-E5EE-4F40-84AA-12F99D126D16}"
EndProject
Project("{2150E333-8FDC-42A3-9474-1A3956D46DE8}") = "Task3", "Task3", "{32AAB95E-9C4D-4801-9181-15A33B374F16}"
EndProject
Project("{9A19103F-16F7-4668-BE54-9A1E7A4F7556}") = "Tyuiu.NazarenkoVV.Sprint4.Task3.V23", "Tyuiu.NazarenkoVV.Sprint4.Task3.V23\Tyuiu.NazarenkoVV.Sprint4.Task3.V23.csproj", "{620C7A99-C073-4FED-A5DB-445A4B5F4647}"
EndProject
Project("{9A19103F-16F7-4668-BE54-9A1E7A4F7556}") = "Tyuiu.NazarenkoVV.Sprint4.Task3.V23.Lib", "Tyuiu.NazarenkoVV.Sprint4.Task3.V23.Lib\Tyuiu.NazarenkoVV.Sprint4.Task3.V23.Lib.csproj", "{9BE18B1C-C68C-424F-8FA7-37DCDA09E475}"
EndProject
Project("{9A19103F-16F7-4668-BE54-9A1E7A4F7556}") = "Tyuiu.NazarenkoVV.Sprint4.Task3.V23.Test", "Tyuiu.NazarenkoVV.Sprint4.Task3.V23.Test\Tyuiu.NazarenkoVV.Sprint4.Task3.V23.Test.csproj", "{CF672552-5BEF-47C4-B642-2DE69DB9ED81}"
EndProject
Project("{2150E333-8FDC-42A3-9474-1A3956D46DE8}") = "Task4", "Task4", "{0D53F5E7-60D4-4794-9276-63D372A63A46}"
EndProject
Project("{9A19103F-16F7-4668-BE54-9A1E7A4F7556}") = "Tyuiu.NazarenkoVV.Sprint4.Task4.V18", "Tyuiu.NazarenkoVV.Sprint4.Task4.V18\Tyuiu.NazarenkoVV.Sprint4.Task4.V18.csproj", "{8118D7A8-1C10-40EB-BFBD-1E8DF238A613}"
EndProject
Project("{9A19103F-16F7-4668-BE54-9A1E7A4F7556}") = "Tyuiu.NazarenkoVV.Sprint4.Task4.V18.Lib", "Tyuiu.NazarenkoVV.Sprint4.Task4.V18.Lib\Tyuiu.NazarenkoVV.Sprint4.Task4.V18.Lib.csproj", "{FB245780-7943-48B3-ABC1-8546EF16E6EE}"
EndProject
Project("{9A19103F-16F7-4668-BE54-9A1E7A4F7556}") = "Tyuiu.NazarenkoVV.Sprint4.Task4.V18.Test", "Tyuiu.NazarenkoVV.Sprint4.Task4.V18.Test\Tyuiu.NazarenkoVV.Sprint4.Task4.V18.Test.csproj", "{43DB7CED-5164-4505-9108-219D90DCC234}"
EndProject
Project("{2150E333-8FDC-42A3-9474-1A3956D46DE8}") = "Task5", "Task5", "{D74D9DF0-CE6F-48BD-B7FC-BDF37AFC615C}"
EndProject
Project("{FAE04EC0-301F-11D3-BF4B-00C04F79EFBC}") = "Tyuiu.NazarenkoVV.Sprint4.Task5.V3", "Tyuiu.NazarenkoVV.Sprint4.Task5.V3\Tyuiu.NazarenkoVV.Sprint4.Task5.V3.csproj", "{DD8968D8-2EFA-4251-8ABB-CA488E6C0C51}"
EndProject
Project("{FAE04EC0-301F-11D3-BF4B-00C04F79EFBC}") = "Tyuiu.NazarenkoVV.Sprint4.Task5.V3.Lib", "Tyuiu.NazarenkoVV.Sprint4.Task5.V3.Lib\Tyuiu.NazarenkoVV.Sprint4.Task5.V3.Lib.csproj", "{F85D0F59-D89E-4359-AEBB-E088C8FB70F1}"
EndProject
Project("{FAE04EC0-301F-11D3-BF4B-00C04F79EFBC}") = "Tyuiu.NazarenkoVV.Sprint4.Task5.V3.Test", "Tyuiu.NazarenkoVV.Sprint4.Task5.V3.Test\Tyuiu.NazarenkoVV.Sprint4.Task5.V3.Test.csproj", "{286D8B9E-F194-4550-975E-03F23EA76C1F}"
EndProject
Global
	GlobalSection(SolutionConfigurationPlatforms) = preSolution
		Debug|Any CPU = Debug|Any CPU
		Release|Any CPU = Release|Any CPU
	EndGlobalSection
	GlobalSection(ProjectConfigurationPlatforms) = postSolution
		{0935BF8D-DF9F-457D-8EFB-1C44C294E366}.Debug|Any CPU.ActiveCfg = Debug|Any CPU
		{0935BF8D-DF9F-457D-8EFB-1C44C294E366}.Debug|Any CPU.Build.0 = Debug|Any CPU
		{0935BF8D-DF9F-457D-8EFB-1C44C294E366}.Release|Any CPU.ActiveCfg = Release|Any CPU
		{0935BF8D-DF9F-457D-8EFB-1C44C294E366}.Release|Any CPU.Build.0 = Release|Any CPU
		{56AA1054-4CA7-4251-94F8-1A52A2706A9E}.Debug|Any CPU.ActiveCfg = Debug|Any CPU
		{56AA1054-4CA7-4251-94F8-1A52A2706A9E}.Debug|Any CPU.Build.0 = Debug|Any CPU
		{56AA1054-4CA7-4251-94F8-1A52A2706A9E}.Release|Any CPU.ActiveCfg = Release|Any CPU
		{56AA1054-4CA7-4251-94F8-1A52A2706A9E}.Release|Any CPU.Build.0 = Release|Any CPU
		{389DA079-ADAF-4C84-8B88-8DBF617DBBCE}.Debug|Any CPU.ActiveCfg = Debug|Any CPU
		{389DA079-ADAF-4C84-8B88-8DBF617DBBCE}.Debug|Any CPU.Build.0 = Debug|Any CPU
		{389DA079-ADAF-4C84-8B88-8DBF617DBBCE}.Release|Any CPU.ActiveCfg = Release|Any CPU
		{389DA079-ADAF-4C84-8B88-8DBF617DBBCE}.Release|Any CPU.Build.0 = Release|Any CPU
		{B5019F1E-FF5D-447B-821C-2578DDC488DD}.Debug|Any CPU.ActiveCfg = Debug|Any CPU
		{B5019F1E-FF5D-447B-821C-2578DDC488DD}.Debug|Any CPU.Build.0 = Debug|Any CPU
		{B5019F1E-FF5D-447B-821C-2578DDC488DD}.Release|Any CPU.ActiveCfg = Release|Any CPU
		{B5019F1E-FF5D-447B-821C-2578DDC488DD}.Release|Any CPU.Build.0 = Release|Any CPU
		{0A72F9F5-E368-4F2D-839B-FBA7262E0826}.Debug|Any CPU.ActiveCfg = Debug|Any CPU
		{0A72F9F5-E368-4F2D-839B-FBA7262E0826}.Debug|Any CPU.Build.0 = Debug|Any CPU
		{0A72F9F5-E368-4F2D-839B-FBA7262E0826}.Release|Any CPU.ActiveCfg = Release|Any CPU
		{0A72F9F5-E368-4F2D-839B-FBA7262E0826}.Release|Any CPU.Build.0 = Release|Any CPU
		{EA859062-CDCD-4045-B73F-BACEDE42A1CA}.Debug|Any CPU.ActiveCfg = Debug|Any CPU
		{EA859062-CDCD-4045-B73F-BACEDE42A1CA}.Debug|Any CPU.Build.0 = Debug|Any CPU
		{EA859062-CDCD-4045-B73F-BACEDE42A1CA}.Release|Any CPU.ActiveCfg = Release|Any CPU
		{EA859062-CDCD-4045-B73F-BACEDE42A1CA}.Release|Any CPU.Build.0 = Release|Any CPU
		{DB02C8CD-ED39-41F7-9C6B-67B7FB36153B}.Debug|Any CPU.ActiveCfg = Debug|Any CPU
		{DB02C8CD-ED39-41F7-9C6B-67B7FB36153B}.Debug|Any CPU.Build.0 = Debug|Any CPU
		{DB02C8CD-ED39-41F7-9C6B-67B7FB36153B}.Release|Any CPU.ActiveCfg = Release|Any CPU
		{DB02C8CD-ED39-41F7-9C6B-67B7FB36153B}.Release|Any CPU.Build.0 = Release|Any CPU
		{245FC1F3-6098-42FD-9F26-F2F329374B7D}.Debug|Any CPU.ActiveCfg = Debug|Any CPU
		{245FC1F3-6098-42FD-9F26-F2F329374B7D}.Debug|Any CPU.Build.0 = Debug|Any CPU
		{245FC1F3-6098-42FD-9F26-F2F329374B7D}.Release|Any CPU.ActiveCfg = Release|Any CPU
		{245FC1F3-6098-42FD-9F26-F2F329374B7D}.Release|Any CPU.Build.0 = Release|Any CPU
		{5EF8D075-E5EE-4F40-84AA-12F99D126D16}.Debug|Any CPU.ActiveCfg = Debug|Any CPU
		{5EF8D075-E5EE-4F40-84AA-12F99D126D16}.Debug|Any CPU.Build.0 = Debug|Any CPU
		{5EF8D075-E5EE-4F40-84AA-12F99D126D16}.Release|Any CPU.ActiveCfg = Release|Any CPU
		{5EF8D075-E5EE-4F40-84AA-12F99D126D16}.Release|Any CPU.Build.0 = Release|Any CPU
		{620C7A99-C073-4FED-A5DB-445A4B5F4647}.Debug|Any CPU.ActiveCfg = Debug|Any CPU
		{620C7A99-C073-4FED-A5DB-445A4B5F4647}.Debug|Any CPU.Build.0 = Debug|Any CPU
		{620C7A99-C073-4FED-A5DB-445A4B5F4647}.Release|Any CPU.ActiveCfg = Release|Any CPU
		{620C7A99-C073-4FED-A5DB-445A4B5F4647}.Release|Any CPU.Build.0 = Release|Any CPU
		{9BE18B1C-C68C-424F-8FA7-37DCDA09E475}.Debug|Any CPU.ActiveCfg = Debug|Any CPU
		{9BE18B1C-C68C-424F-8FA7-37DCDA09E475}.Debug|Any CPU.Build.0 = Debug|Any CPU
		{9BE18B1C-C68C-424F-8FA7-37DCDA09E475}.Release|Any CPU.ActiveCfg = Release|Any CPU
		{9BE18B1C-C68C-424F-8FA7-37DCDA09E475}.Release|Any CPU.Build.0 = Release|Any CPU
		{CF672552-5BEF-47C4-B642-2DE69DB9ED81}.Debug|Any CPU.ActiveCfg = Debug|Any CPU
		{CF672552-5BEF-47C4-B642-2DE69DB9ED81}.Debug|Any CPU.Build.0 = Debug|Any CPU
		{CF672552-5BEF-47C4-B642-2DE69DB9ED81}.Release|Any CPU.ActiveCfg = Release|Any CPU
		{CF672552-5BEF-47C4-B642-2DE69DB9ED81}.Release|Any CPU.Build.0 = Release|Any CPU
		{8118D7A8-1C10-40EB-BFBD-1E8DF238A613}.Debug|Any CPU.ActiveCfg = Debug|Any CPU
		{8118D7A8-1C10-40EB-BFBD-1E8DF238A613}.Debug|Any CPU.Build.0 = Debug|Any CPU
		{8118D7A8-1C10-40EB-BFBD-1E8DF238A613}.Release|Any CPU.ActiveCfg = Release|Any CPU
		{8118D7A8-1C10-40EB-BFBD-1E8DF238A613}.Release|Any CPU.Build.0 = Release|Any CPU
		{FB245780-7943-48B3-ABC1-8546EF16E6EE}.Debug|Any CPU.ActiveCfg = Debug|Any CPU
		{FB245780-7943-48B3-ABC1-8546EF16E6EE}.Debug|Any CPU.Build.0 = Debug|Any CPU
		{FB245780-7943-48B3-ABC1-8546EF16E6EE}.Release|Any CPU.ActiveCfg = Release|Any CPU
		{FB245780-7943-48B3-ABC1-8546EF16E6EE}.Release|Any CPU.Build.0 = Release|Any CPU
		{43DB7CED-5164-4505-9108-219D90DCC234}.Debug|Any CPU.ActiveCfg = Debug|Any CPU
		{43DB7CED-5164-4505-9108-219D90DCC234}.Debug|Any CPU.Build.0 = Debug|Any CPU
		{43DB7CED-5164-4505-9108-219D90DCC234}.Release|Any CPU.ActiveCfg = Release|Any CPU
		{43DB7CED-5164-4505-9108-219D90DCC234}.Release|Any CPU.Build.0 = Release|Any CPU
		{DD8968D8-2EFA-4251-8ABB-CA488E6C0C51}.Debug|Any CPU.ActiveCfg = Debug|Any CPU
		{DD8968D8-2EFA-4251-8ABB-CA488E6C0C51}.Debug|Any CPU.Build.0 = Debug|Any CPU
		{DD8968D8-2EFA-4251-8ABB-CA488E6C0C51}.Release|Any CPU.ActiveCfg = Release|Any CPU
		{DD8968D8-2EFA-4251-8ABB-CA488E6C0C51}.Release|Any CPU.Build.0 = Release|Any CPU
		{F85D0F59-D89E-4359-AEBB-E088C8FB70F1}.Debug|Any CPU.ActiveCfg = Debug|Any CPU
		{F85D0F59-D89E-4359-AEBB-E088C8FB70F1}.Debug|Any CPU.Build.0 = Debug|Any CPU
		{F85D0F59-D89E-4359-AEBB-E088C8FB70F1}.Release|Any CPU.ActiveCfg = Release|Any CPU
		{F85D0F59-D89E-4359-AEBB-E088C8FB70F1}.Release|Any CPU.Build.0 = Release|Any CPU
		{286D8B9E-F194-4550-975E-03F23EA76C1F}.Debug|Any CPU.ActiveCfg = Debug|Any CPU
		{286D8B9E-F194-4550-975E-03F23EA76C1F}.Debug|Any CPU.Build.0 = Debug|Any CPU
		{286D8B9E-F194-4550-975E-03F23EA76C1F}.Release|Any CPU.ActiveCfg = Release|Any CPU
		{286D8B9E-F194-4550-975E-03F23EA76C1F}.Release|Any CPU.Build.0 = Release|Any CPU
	EndGlobalSection
	GlobalSection(SolutionProperties) = preSolution
		HideSolutionNode = FALSE
	EndGlobalSection
	GlobalSection(NestedProjects) = preSolution
		{0935BF8D-DF9F-457D-8EFB-1C44C294E366} = {79D387C0-BB79-4536-85D2-9734C630A436}
		{56AA1054-4CA7-4251-94F8-1A52A2706A9E} = {79D387C0-BB79-4536-85D2-9734C630A436}
		{389DA079-ADAF-4C84-8B88-8DBF617DBBCE} = {79D387C0-BB79-4536-85D2-9734C630A436}
		{B5019F1E-FF5D-447B-821C-2578DDC488DD} = {151C661A-E617-4ACC-A9F8-95113C871470}
		{0A72F9F5-E368-4F2D-839B-FBA7262E0826} = {151C661A-E617-4ACC-A9F8-95113C871470}
		{EA859062-CDCD-4045-B73F-BACEDE42A1CA} = {151C661A-E617-4ACC-A9F8-95113C871470}
		{DB02C8CD-ED39-41F7-9C6B-67B7FB36153B} = {7CD8E3D5-908A-4C56-A509-D370193AAC97}
		{245FC1F3-6098-42FD-9F26-F2F329374B7D} = {7CD8E3D5-908A-4C56-A509-D370193AAC97}
		{5EF8D075-E5EE-4F40-84AA-12F99D126D16} = {7CD8E3D5-908A-4C56-A509-D370193AAC97}
		{620C7A99-C073-4FED-A5DB-445A4B5F4647} = {32AAB95E-9C4D-4801-9181-15A33B374F16}
		{9BE18B1C-C68C-424F-8FA7-37DCDA09E475} = {32AAB95E-9C4D-4801-9181-15A33B374F16}
		{CF672552-5BEF-47C4-B642-2DE69DB9ED81} = {32AAB95E-9C4D-4801-9181-15A33B374F16}
		{8118D7A8-1C10-40EB-BFBD-1E8DF238A613} = {0D53F5E7-60D4-4794-9276-63D372A63A46}
		{FB245780-7943-48B3-ABC1-8546EF16E6EE} = {0D53F5E7-60D4-4794-9276-63D372A63A46}
		{43DB7CED-5164-4505-9108-219D90DCC234} = {0D53F5E7-60D4-4794-9276-63D372A63A46}
		{DD8968D8-2EFA-4251-8ABB-CA488E6C0C51} = {D74D9DF0-CE6F-48BD-B7FC-BDF37AFC615C}
		{F85D0F59-D89E-4359-AEBB-E088C8FB70F1} = {D74D9DF0-CE6F-48BD-B7FC-BDF37AFC615C}
		{286D8B9E-F194-4550-975E-03F23EA76C1F} = {D74D9DF0-CE6F-48BD-B7FC-BDF37AFC615C}
	EndGlobalSection
	GlobalSection(ExtensibilityGlobals) = postSolution
		SolutionGuid = {58439040-FAF6-4DF0-A8A1-FE002CC6D86E}
	EndGlobalSection
EndGlobal
